
Microsoft Visual Studio Solution File, Format Version 12.00
# Visual Studio Version 16
VisualStudioVersion = 16.0.30128.74
MinimumVisualStudioVersion = 10.0.40219.1
Project("{9A19103F-16F7-4668-BE54-9A1E7A4F7556}") = "WebApplication1", "WebApplication1\WebApplication1.csproj", "{642BF8DC-7844-4126-A852-664D8504A0E6}"
EndProject
Project("{9A19103F-16F7-4668-BE54-9A1E7A4F7556}") = "WebApplication1.DAL", "WebApplication1.DAL\WebApplication1.DAL.csproj", "{A72272CF-05E4-4B9A-A6C4-A5C9AED4BE36}"
EndProject
Project("{9A19103F-16F7-4668-BE54-9A1E7A4F7556}") = "WebApplication1.Tests", "WebApplication1.Tests\WebApplication1.Tests.csproj", "{4A630243-A851-4278-A798-94A56690F086}"
EndProject
Global
	GlobalSection(SolutionConfigurationPlatforms) = preSolution
		Debug|Any CPU = Debug|Any CPU
		Release|Any CPU = Release|Any CPU
	EndGlobalSection
	GlobalSection(ProjectConfigurationPlatforms) = postSolution
		{642BF8DC-7844-4126-A852-664D8504A0E6}.Debug|Any CPU.ActiveCfg = Debug|Any CPU
		{642BF8DC-7844-4126-A852-664D8504A0E6}.Debug|Any CPU.Build.0 = Debug|Any CPU
		{642BF8DC-7844-4126-A852-664D8504A0E6}.Release|Any CPU.ActiveCfg = Release|Any CPU
		{642BF8DC-7844-4126-A852-664D8504A0E6}.Release|Any CPU.Build.0 = Release|Any CPU
		{A72272CF-05E4-4B9A-A6C4-A5C9AED4BE36}.Debug|Any CPU.ActiveCfg = Debug|Any CPU
		{A72272CF-05E4-4B9A-A6C4-A5C9AED4BE36}.Debug|Any CPU.Build.0 = Debug|Any CPU
		{A72272CF-05E4-4B9A-A6C4-A5C9AED4BE36}.Release|Any CPU.ActiveCfg = Release|Any CPU
		{A72272CF-05E4-4B9A-A6C4-A5C9AED4BE36}.Release|Any CPU.Build.0 = Release|Any CPU
		{4A630243-A851-4278-A798-94A56690F086}.Debug|Any CPU.ActiveCfg = Debug|Any CPU
		{4A630243-A851-4278-A798-94A56690F086}.Debug|Any CPU.Build.0 = Debug|Any CPU
		{4A630243-A851-4278-A798-94A56690F086}.Release|Any CPU.ActiveCfg = Release|Any CPU
		{4A630243-A851-4278-A798-94A56690F086}.Release|Any CPU.Build.0 = Release|Any CPU
	EndGlobalSection
	GlobalSection(SolutionProperties) = preSolution
		HideSolutionNode = FALSE
	EndGlobalSection
	GlobalSection(ExtensibilityGlobals) = postSolution
		SolutionGuid = {E408817B-E45E-4236-A16B-8672C68F6829}
	EndGlobalSection
EndGlobal
